// !$*UTF8*$!
{
	archiveVersion = 1;
	classes = {
	};
	objectVersion = 46;
	objects = {

/* Begin PBXBuildFile section */
		43017FC2153A20C000AEFB15 /* Default-Landscape~ipad.png in Resources */ = {isa = PBXBuildFile; fileRef = 43017FC1153A20C000AEFB15 /* Default-Landscape~ipad.png */; };
		43017FC4153A20D800AEFB15 /* Default-Landscape@2x~ipad.png in Resources */ = {isa = PBXBuildFile; fileRef = 43017FC3153A20D800AEFB15 /* Default-Landscape@2x~ipad.png */; };
		43017FCA153A243E00AEFB15 /* iTunesArtwork.png in Resources */ = {isa = PBXBuildFile; fileRef = 43017FC9153A243E00AEFB15 /* iTunesArtwork.png */; };
		43017FD9153A284E00AEFB15 /* Icon-72.png in Resources */ = {isa = PBXBuildFile; fileRef = 43017FD5153A284E00AEFB15 /* Icon-72.png */; };
		43017FDA153A284E00AEFB15 /* Icon-72@2x.png in Resources */ = {isa = PBXBuildFile; fileRef = 43017FD6153A284E00AEFB15 /* Icon-72@2x.png */; };
		43017FDB153A284E00AEFB15 /* Icon.png in Resources */ = {isa = PBXBuildFile; fileRef = 43017FD7153A284E00AEFB15 /* Icon.png */; };
		43017FDC153A284E00AEFB15 /* Icon@2x.png in Resources */ = {isa = PBXBuildFile; fileRef = 43017FD8153A284E00AEFB15 /* Icon@2x.png */; };
		4311194815370FC000870F05 /* FacebookConnectPlugin.m in Sources */ = {isa = PBXBuildFile; fileRef = 4311194715370FC000870F05 /* FacebookConnectPlugin.m */; };
		431119641537107100870F05 /* Facebook.m in Sources */ = {isa = PBXBuildFile; fileRef = 4311194B1537107100870F05 /* Facebook.m */; };
		431119651537107100870F05 /* FBDialog.bundle in Resources */ = {isa = PBXBuildFile; fileRef = 4311194D1537107100870F05 /* FBDialog.bundle */; };
		431119661537107100870F05 /* FBDialog.m in Sources */ = {isa = PBXBuildFile; fileRef = 4311194F1537107100870F05 /* FBDialog.m */; };
		431119671537107100870F05 /* FBFrictionlessRequestSettings.m in Sources */ = {isa = PBXBuildFile; fileRef = 431119511537107100870F05 /* FBFrictionlessRequestSettings.m */; };
		431119681537107100870F05 /* FBLoginDialog.m in Sources */ = {isa = PBXBuildFile; fileRef = 431119531537107100870F05 /* FBLoginDialog.m */; };
		431119691537107100870F05 /* FBRequest.m in Sources */ = {isa = PBXBuildFile; fileRef = 431119551537107100870F05 /* FBRequest.m */; };
		4311196A1537107100870F05 /* NSObject+SBJSON.m in Sources */ = {isa = PBXBuildFile; fileRef = 431119591537107100870F05 /* NSObject+SBJSON.m */; };
		4311196B1537107100870F05 /* NSString+SBJSON.m in Sources */ = {isa = PBXBuildFile; fileRef = 4311195B1537107100870F05 /* NSString+SBJSON.m */; };
		4311196C1537107100870F05 /* SBJSON.m in Sources */ = {isa = PBXBuildFile; fileRef = 4311195D1537107100870F05 /* SBJSON.m */; };
		4311196D1537107100870F05 /* SBJsonBase.m in Sources */ = {isa = PBXBuildFile; fileRef = 4311195F1537107100870F05 /* SBJsonBase.m */; };
		4311196E1537107100870F05 /* SBJsonParser.m in Sources */ = {isa = PBXBuildFile; fileRef = 431119611537107100870F05 /* SBJsonParser.m */; };
		4311196F1537107100870F05 /* SBJsonWriter.m in Sources */ = {isa = PBXBuildFile; fileRef = 431119631537107100870F05 /* SBJsonWriter.m */; };
		4352FD5E151D1A4400F75C44 /* Foundation.framework in Frameworks */ = {isa = PBXBuildFile; fileRef = 4352FD5D151D1A4400F75C44 /* Foundation.framework */; };
		4352FD60151D1A4400F75C44 /* UIKit.framework in Frameworks */ = {isa = PBXBuildFile; fileRef = 4352FD5F151D1A4400F75C44 /* UIKit.framework */; };
		4352FD62151D1A4400F75C44 /* CoreGraphics.framework in Frameworks */ = {isa = PBXBuildFile; fileRef = 4352FD61151D1A4400F75C44 /* CoreGraphics.framework */; };
		4352FD64151D1A4400F75C44 /* AddressBook.framework in Frameworks */ = {isa = PBXBuildFile; fileRef = 4352FD63151D1A4400F75C44 /* AddressBook.framework */; };
		4352FD66151D1A4400F75C44 /* AddressBookUI.framework in Frameworks */ = {isa = PBXBuildFile; fileRef = 4352FD65151D1A4400F75C44 /* AddressBookUI.framework */; };
		4352FD68151D1A4400F75C44 /* AudioToolbox.framework in Frameworks */ = {isa = PBXBuildFile; fileRef = 4352FD67151D1A4400F75C44 /* AudioToolbox.framework */; };
		4352FD6A151D1A4400F75C44 /* AVFoundation.framework in Frameworks */ = {isa = PBXBuildFile; fileRef = 4352FD69151D1A4400F75C44 /* AVFoundation.framework */; };
		4352FD6C151D1A4400F75C44 /* CoreLocation.framework in Frameworks */ = {isa = PBXBuildFile; fileRef = 4352FD6B151D1A4400F75C44 /* CoreLocation.framework */; };
		4352FD6E151D1A4400F75C44 /* MediaPlayer.framework in Frameworks */ = {isa = PBXBuildFile; fileRef = 4352FD6D151D1A4400F75C44 /* MediaPlayer.framework */; };
		4352FD70151D1A4400F75C44 /* QuartzCore.framework in Frameworks */ = {isa = PBXBuildFile; fileRef = 4352FD6F151D1A4400F75C44 /* QuartzCore.framework */; };
		4352FD72151D1A4400F75C44 /* SystemConfiguration.framework in Frameworks */ = {isa = PBXBuildFile; fileRef = 4352FD71151D1A4400F75C44 /* SystemConfiguration.framework */; };
		4352FD74151D1A4400F75C44 /* MobileCoreServices.framework in Frameworks */ = {isa = PBXBuildFile; fileRef = 4352FD73151D1A4400F75C44 /* MobileCoreServices.framework */; };
		4352FD76151D1A4400F75C44 /* CoreMedia.framework in Frameworks */ = {isa = PBXBuildFile; fileRef = 4352FD75151D1A4400F75C44 /* CoreMedia.framework */; };
		4352FD7C151D1A4400F75C44 /* InfoPlist.strings in Resources */ = {isa = PBXBuildFile; fileRef = 4352FD7A151D1A4400F75C44 /* InfoPlist.strings */; };
		4352FD7E151D1A4400F75C44 /* main.m in Sources */ = {isa = PBXBuildFile; fileRef = 4352FD7D151D1A4400F75C44 /* main.m */; };
		4352FD81151D1A4400F75C44 /* Cordova.framework in Frameworks */ = {isa = PBXBuildFile; fileRef = 4352FD80151D1A4400F75C44 /* Cordova.framework */; };
		4352FD86151D1A4400F75C44 /* Localizable.strings in Resources */ = {isa = PBXBuildFile; fileRef = 4352FD84151D1A4400F75C44 /* Localizable.strings */; };
		4352FD8A151D1A4400F75C44 /* Localizable.strings in Resources */ = {isa = PBXBuildFile; fileRef = 4352FD88151D1A4400F75C44 /* Localizable.strings */; };
		4352FD8E151D1A4400F75C44 /* Localizable.strings in Resources */ = {isa = PBXBuildFile; fileRef = 4352FD8C151D1A4400F75C44 /* Localizable.strings */; };
		4352FD92151D1A4400F75C44 /* Localizable.strings in Resources */ = {isa = PBXBuildFile; fileRef = 4352FD90151D1A4400F75C44 /* Localizable.strings */; };
		4352FDA0151D1A4400F75C44 /* Capture.bundle in Resources */ = {isa = PBXBuildFile; fileRef = 4352FD9F151D1A4400F75C44 /* Capture.bundle */; };
		4352FDAB151D1A4400F75C44 /* MainViewController.xib in Resources */ = {isa = PBXBuildFile; fileRef = 4352FDAA151D1A4400F75C44 /* MainViewController.xib */; };
		4352FDAF151D1A4400F75C44 /* verify.sh in Resources */ = {isa = PBXBuildFile; fileRef = 4352FDAE151D1A4400F75C44 /* verify.sh */; };
		4352FDB6151D1A5800F75C44 /* www in Resources */ = {isa = PBXBuildFile; fileRef = 4352FDB5151D1A5800F75C44 /* www */; };
		436E2E1615223A0A00A73595 /* Security.framework in Frameworks */ = {isa = PBXBuildFile; fileRef = 436E2E1515223A0A00A73595 /* Security.framework */; };
		4375EAB1151F78BC00E416BF /* ChildBrowser.bundle in Resources */ = {isa = PBXBuildFile; fileRef = 4375EAA3151F78BC00E416BF /* ChildBrowser.bundle */; };
		4375EAB4151F78BC00E416BF /* ChildBrowserCommand.m in Sources */ = {isa = PBXBuildFile; fileRef = 4375EAA7151F78BC00E416BF /* ChildBrowserCommand.m */; };
		4375EAB5151F78BC00E416BF /* ChildBrowserViewController.m in Sources */ = {isa = PBXBuildFile; fileRef = 4375EAA9151F78BC00E416BF /* ChildBrowserViewController.m */; };
		4375EAB6151F78BC00E416BF /* ChildBrowserViewController.xib in Resources */ = {isa = PBXBuildFile; fileRef = 4375EAAA151F78BC00E416BF /* ChildBrowserViewController.xib */; };
		4375EAB7151F78BC00E416BF /* facebook.html in Resources */ = {isa = PBXBuildFile; fileRef = 4375EAAC151F78BC00E416BF /* facebook.html */; };
		4375EAB8151F78BC00E416BF /* FBConnect.js in Sources */ = {isa = PBXBuildFile; fileRef = 4375EAAD151F78BC00E416BF /* FBConnect.js */; };
		4375EAB9151F78BC00E416BF /* index.html in Resources */ = {isa = PBXBuildFile; fileRef = 4375EAAE151F78BC00E416BF /* index.html */; };
		4375EABA151F78BC00E416BF /* README.txt in Resources */ = {isa = PBXBuildFile; fileRef = 4375EAAF151F78BC00E416BF /* README.txt */; };
		4375EABB151F78BC00E416BF /* README.md in Resources */ = {isa = PBXBuildFile; fileRef = 4375EAB0151F78BC00E416BF /* README.md */; };
		43B0FC9F1536789300159DDB /* GoogleAnalyticsPlugin.js in Sources */ = {isa = PBXBuildFile; fileRef = 43B0FC991536789300159DDB /* GoogleAnalyticsPlugin.js */; };
		43B0FCA01536789300159DDB /* GoogleAnalyticsPlugin.m in Sources */ = {isa = PBXBuildFile; fileRef = 43B0FC9A1536789300159DDB /* GoogleAnalyticsPlugin.m */; };
		43B0FCA11536789300159DDB /* libGoogleAnalytics.a in Frameworks */ = {isa = PBXBuildFile; fileRef = 43B0FC9D1536789300159DDB /* libGoogleAnalytics.a */; };
		43B0FCA21536789300159DDB /* README.md in Resources */ = {isa = PBXBuildFile; fileRef = 43B0FC9E1536789300159DDB /* README.md */; };
		43B0FCA4153678B500159DDB /* CFNetwork.framework in Frameworks */ = {isa = PBXBuildFile; fileRef = 43B0FCA3153678B500159DDB /* CFNetwork.framework */; };
		43B0FCA7153680BF00159DDB /* libsqlite3.0.dylib in Frameworks */ = {isa = PBXBuildFile; fileRef = 43B0FCA5153678C700159DDB /* libsqlite3.0.dylib */; };
		43C473A215373222005DDFDC /* AppDelegate.m in Sources */ = {isa = PBXBuildFile; fileRef = 43C4739F15373222005DDFDC /* AppDelegate.m */; };
		43C473A315373222005DDFDC /* MainViewController.m in Sources */ = {isa = PBXBuildFile; fileRef = 43C473A115373222005DDFDC /* MainViewController.m */; };
		43C473A6153732D0005DDFDC /* Cordova.plist in Resources */ = {isa = PBXBuildFile; fileRef = 43C473A5153732D0005DDFDC /* Cordova.plist */; };
		43C473A8153732E5005DDFDC /* Cordova copy.plist in Resources */ = {isa = PBXBuildFile; fileRef = 43C473A7153732E5005DDFDC /* Cordova copy.plist */; };
		43DE14841520F4E50050CFF0 /* EmailComposer.m in Sources */ = {isa = PBXBuildFile; fileRef = 43DE14811520F4E50050CFF0 /* EmailComposer.m */; };
		43DE14851520F4E50050CFF0 /* readme.md in Resources */ = {isa = PBXBuildFile; fileRef = 43DE14821520F4E50050CFF0 /* readme.md */; };
		43DE14881520F5950050CFF0 /* MessageUI.framework in Frameworks */ = {isa = PBXBuildFile; fileRef = 43DE14871520F5950050CFF0 /* MessageUI.framework */; };
/* End PBXBuildFile section */

/* Begin PBXFileReference section */
		43017FC1153A20C000AEFB15 /* Default-Landscape~ipad.png */ = {isa = PBXFileReference; lastKnownFileType = image.png; path = "Default-Landscape~ipad.png"; sourceTree = "<group>"; };
		43017FC3153A20D800AEFB15 /* Default-Landscape@2x~ipad.png */ = {isa = PBXFileReference; lastKnownFileType = image.png; path = "Default-Landscape@2x~ipad.png"; sourceTree = "<group>"; };
		43017FC9153A243E00AEFB15 /* iTunesArtwork.png */ = {isa = PBXFileReference; lastKnownFileType = image.png; path = iTunesArtwork.png; sourceTree = "<group>"; };
		43017FD5153A284E00AEFB15 /* Icon-72.png */ = {isa = PBXFileReference; lastKnownFileType = image.png; name = "Icon-72.png"; path = "etsyBrowser/Resources/icons/Icon-72.png"; sourceTree = "<group>"; };
		43017FD6153A284E00AEFB15 /* Icon-72@2x.png */ = {isa = PBXFileReference; lastKnownFileType = image.png; name = "Icon-72@2x.png"; path = "etsyBrowser/Resources/icons/Icon-72@2x.png"; sourceTree = "<group>"; };
		43017FD7153A284E00AEFB15 /* Icon.png */ = {isa = PBXFileReference; lastKnownFileType = image.png; name = Icon.png; path = etsyBrowser/Resources/icons/Icon.png; sourceTree = "<group>"; };
		43017FD8153A284E00AEFB15 /* Icon@2x.png */ = {isa = PBXFileReference; lastKnownFileType = image.png; name = "Icon@2x.png"; path = "etsyBrowser/Resources/icons/Icon@2x.png"; sourceTree = "<group>"; };
		4311194615370FC000870F05 /* FacebookConnectPlugin.h */ = {isa = PBXFileReference; fileEncoding = 4; lastKnownFileType = sourcecode.c.h; path = FacebookConnectPlugin.h; sourceTree = "<group>"; };
		4311194715370FC000870F05 /* FacebookConnectPlugin.m */ = {isa = PBXFileReference; fileEncoding = 4; lastKnownFileType = sourcecode.c.objc; path = FacebookConnectPlugin.m; sourceTree = "<group>"; };
		4311194A1537107100870F05 /* Facebook.h */ = {isa = PBXFileReference; fileEncoding = 4; lastKnownFileType = sourcecode.c.h; path = Facebook.h; sourceTree = "<group>"; };
		4311194B1537107100870F05 /* Facebook.m */ = {isa = PBXFileReference; fileEncoding = 4; lastKnownFileType = sourcecode.c.objc; path = Facebook.m; sourceTree = "<group>"; };
		4311194C1537107100870F05 /* FBConnect.h */ = {isa = PBXFileReference; fileEncoding = 4; lastKnownFileType = sourcecode.c.h; path = FBConnect.h; sourceTree = "<group>"; };
		4311194D1537107100870F05 /* FBDialog.bundle */ = {isa = PBXFileReference; lastKnownFileType = "wrapper.plug-in"; path = FBDialog.bundle; sourceTree = "<group>"; };
		4311194E1537107100870F05 /* FBDialog.h */ = {isa = PBXFileReference; fileEncoding = 4; lastKnownFileType = sourcecode.c.h; path = FBDialog.h; sourceTree = "<group>"; };
		4311194F1537107100870F05 /* FBDialog.m */ = {isa = PBXFileReference; fileEncoding = 4; lastKnownFileType = sourcecode.c.objc; path = FBDialog.m; sourceTree = "<group>"; };
		431119501537107100870F05 /* FBFrictionlessRequestSettings.h */ = {isa = PBXFileReference; fileEncoding = 4; lastKnownFileType = sourcecode.c.h; path = FBFrictionlessRequestSettings.h; sourceTree = "<group>"; };
		431119511537107100870F05 /* FBFrictionlessRequestSettings.m */ = {isa = PBXFileReference; fileEncoding = 4; lastKnownFileType = sourcecode.c.objc; path = FBFrictionlessRequestSettings.m; sourceTree = "<group>"; };
		431119521537107100870F05 /* FBLoginDialog.h */ = {isa = PBXFileReference; fileEncoding = 4; lastKnownFileType = sourcecode.c.h; path = FBLoginDialog.h; sourceTree = "<group>"; };
		431119531537107100870F05 /* FBLoginDialog.m */ = {isa = PBXFileReference; fileEncoding = 4; lastKnownFileType = sourcecode.c.objc; path = FBLoginDialog.m; sourceTree = "<group>"; };
		431119541537107100870F05 /* FBRequest.h */ = {isa = PBXFileReference; fileEncoding = 4; lastKnownFileType = sourcecode.c.h; path = FBRequest.h; sourceTree = "<group>"; };
		431119551537107100870F05 /* FBRequest.m */ = {isa = PBXFileReference; fileEncoding = 4; lastKnownFileType = sourcecode.c.objc; path = FBRequest.m; sourceTree = "<group>"; };
		431119571537107100870F05 /* JSON.h */ = {isa = PBXFileReference; fileEncoding = 4; lastKnownFileType = sourcecode.c.h; path = JSON.h; sourceTree = "<group>"; };
		431119581537107100870F05 /* NSObject+SBJSON.h */ = {isa = PBXFileReference; fileEncoding = 4; lastKnownFileType = sourcecode.c.h; path = "NSObject+SBJSON.h"; sourceTree = "<group>"; };
		431119591537107100870F05 /* NSObject+SBJSON.m */ = {isa = PBXFileReference; fileEncoding = 4; lastKnownFileType = sourcecode.c.objc; path = "NSObject+SBJSON.m"; sourceTree = "<group>"; };
		4311195A1537107100870F05 /* NSString+SBJSON.h */ = {isa = PBXFileReference; fileEncoding = 4; lastKnownFileType = sourcecode.c.h; path = "NSString+SBJSON.h"; sourceTree = "<group>"; };
		4311195B1537107100870F05 /* NSString+SBJSON.m */ = {isa = PBXFileReference; fileEncoding = 4; lastKnownFileType = sourcecode.c.objc; path = "NSString+SBJSON.m"; sourceTree = "<group>"; };
		4311195C1537107100870F05 /* SBJSON.h */ = {isa = PBXFileReference; fileEncoding = 4; lastKnownFileType = sourcecode.c.h; path = SBJSON.h; sourceTree = "<group>"; };
		4311195D1537107100870F05 /* SBJSON.m */ = {isa = PBXFileReference; fileEncoding = 4; lastKnownFileType = sourcecode.c.objc; path = SBJSON.m; sourceTree = "<group>"; };
		4311195E1537107100870F05 /* SBJsonBase.h */ = {isa = PBXFileReference; fileEncoding = 4; lastKnownFileType = sourcecode.c.h; path = SBJsonBase.h; sourceTree = "<group>"; };
		4311195F1537107100870F05 /* SBJsonBase.m */ = {isa = PBXFileReference; fileEncoding = 4; lastKnownFileType = sourcecode.c.objc; path = SBJsonBase.m; sourceTree = "<group>"; };
		431119601537107100870F05 /* SBJsonParser.h */ = {isa = PBXFileReference; fileEncoding = 4; lastKnownFileType = sourcecode.c.h; path = SBJsonParser.h; sourceTree = "<group>"; };
		431119611537107100870F05 /* SBJsonParser.m */ = {isa = PBXFileReference; fileEncoding = 4; lastKnownFileType = sourcecode.c.objc; path = SBJsonParser.m; sourceTree = "<group>"; };
		431119621537107100870F05 /* SBJsonWriter.h */ = {isa = PBXFileReference; fileEncoding = 4; lastKnownFileType = sourcecode.c.h; path = SBJsonWriter.h; sourceTree = "<group>"; };
		431119631537107100870F05 /* SBJsonWriter.m */ = {isa = PBXFileReference; fileEncoding = 4; lastKnownFileType = sourcecode.c.objc; path = SBJsonWriter.m; sourceTree = "<group>"; };
		4352FD59151D1A4400F75C44 /* etsyBrowser.app */ = {isa = PBXFileReference; explicitFileType = wrapper.application; includeInIndex = 0; path = etsyBrowser.app; sourceTree = BUILT_PRODUCTS_DIR; };
		4352FD5D151D1A4400F75C44 /* Foundation.framework */ = {isa = PBXFileReference; lastKnownFileType = wrapper.framework; name = Foundation.framework; path = System/Library/Frameworks/Foundation.framework; sourceTree = SDKROOT; };
		4352FD5F151D1A4400F75C44 /* UIKit.framework */ = {isa = PBXFileReference; lastKnownFileType = wrapper.framework; name = UIKit.framework; path = System/Library/Frameworks/UIKit.framework; sourceTree = SDKROOT; };
		4352FD61151D1A4400F75C44 /* CoreGraphics.framework */ = {isa = PBXFileReference; lastKnownFileType = wrapper.framework; name = CoreGraphics.framework; path = System/Library/Frameworks/CoreGraphics.framework; sourceTree = SDKROOT; };
		4352FD63151D1A4400F75C44 /* AddressBook.framework */ = {isa = PBXFileReference; lastKnownFileType = wrapper.framework; name = AddressBook.framework; path = System/Library/Frameworks/AddressBook.framework; sourceTree = SDKROOT; };
		4352FD65151D1A4400F75C44 /* AddressBookUI.framework */ = {isa = PBXFileReference; lastKnownFileType = wrapper.framework; name = AddressBookUI.framework; path = System/Library/Frameworks/AddressBookUI.framework; sourceTree = SDKROOT; };
		4352FD67151D1A4400F75C44 /* AudioToolbox.framework */ = {isa = PBXFileReference; lastKnownFileType = wrapper.framework; name = AudioToolbox.framework; path = System/Library/Frameworks/AudioToolbox.framework; sourceTree = SDKROOT; };
		4352FD69151D1A4400F75C44 /* AVFoundation.framework */ = {isa = PBXFileReference; lastKnownFileType = wrapper.framework; name = AVFoundation.framework; path = System/Library/Frameworks/AVFoundation.framework; sourceTree = SDKROOT; };
		4352FD6B151D1A4400F75C44 /* CoreLocation.framework */ = {isa = PBXFileReference; lastKnownFileType = wrapper.framework; name = CoreLocation.framework; path = System/Library/Frameworks/CoreLocation.framework; sourceTree = SDKROOT; };
		4352FD6D151D1A4400F75C44 /* MediaPlayer.framework */ = {isa = PBXFileReference; lastKnownFileType = wrapper.framework; name = MediaPlayer.framework; path = System/Library/Frameworks/MediaPlayer.framework; sourceTree = SDKROOT; };
		4352FD6F151D1A4400F75C44 /* QuartzCore.framework */ = {isa = PBXFileReference; lastKnownFileType = wrapper.framework; name = QuartzCore.framework; path = System/Library/Frameworks/QuartzCore.framework; sourceTree = SDKROOT; };
		4352FD71151D1A4400F75C44 /* SystemConfiguration.framework */ = {isa = PBXFileReference; lastKnownFileType = wrapper.framework; name = SystemConfiguration.framework; path = System/Library/Frameworks/SystemConfiguration.framework; sourceTree = SDKROOT; };
		4352FD73151D1A4400F75C44 /* MobileCoreServices.framework */ = {isa = PBXFileReference; lastKnownFileType = wrapper.framework; name = MobileCoreServices.framework; path = System/Library/Frameworks/MobileCoreServices.framework; sourceTree = SDKROOT; };
		4352FD75151D1A4400F75C44 /* CoreMedia.framework */ = {isa = PBXFileReference; lastKnownFileType = wrapper.framework; name = CoreMedia.framework; path = System/Library/Frameworks/CoreMedia.framework; sourceTree = SDKROOT; };
		4352FD79151D1A4400F75C44 /* etsyBrowser-Info.plist */ = {isa = PBXFileReference; lastKnownFileType = text.plist.xml; path = "etsyBrowser-Info.plist"; sourceTree = "<group>"; };
		4352FD7B151D1A4400F75C44 /* en */ = {isa = PBXFileReference; lastKnownFileType = text.plist.strings; name = en; path = en.lproj/InfoPlist.strings; sourceTree = "<group>"; };
		4352FD7D151D1A4400F75C44 /* main.m */ = {isa = PBXFileReference; lastKnownFileType = sourcecode.c.objc; path = main.m; sourceTree = "<group>"; };
		4352FD7F151D1A4400F75C44 /* etsyBrowser-Prefix.pch */ = {isa = PBXFileReference; lastKnownFileType = sourcecode.c.h; path = "etsyBrowser-Prefix.pch"; sourceTree = "<group>"; };
		4352FD80151D1A4400F75C44 /* Cordova.framework */ = {isa = PBXFileReference; lastKnownFileType = wrapper.framework; name = Cordova.framework; path = /Users/Shared/Cordova/Frameworks/Cordova.framework; sourceTree = "<absolute>"; };
		4352FD85151D1A4400F75C44 /* en */ = {isa = PBXFileReference; lastKnownFileType = text.plist.strings; name = en; path = Resources/en.lproj/Localizable.strings; sourceTree = "<group>"; };
		4352FD89151D1A4400F75C44 /* es */ = {isa = PBXFileReference; lastKnownFileType = text.plist.strings; name = es; path = Resources/es.lproj/Localizable.strings; sourceTree = "<group>"; };
		4352FD8D151D1A4400F75C44 /* de */ = {isa = PBXFileReference; lastKnownFileType = text.plist.strings; name = de; path = Resources/de.lproj/Localizable.strings; sourceTree = "<group>"; };
		4352FD91151D1A4400F75C44 /* se */ = {isa = PBXFileReference; lastKnownFileType = text.plist.strings; name = se; path = Resources/se.lproj/Localizable.strings; sourceTree = "<group>"; };
		4352FD9F151D1A4400F75C44 /* Capture.bundle */ = {isa = PBXFileReference; lastKnownFileType = "wrapper.plug-in"; name = Capture.bundle; path = Resources/Capture.bundle; sourceTree = "<group>"; };
		4352FDAA151D1A4400F75C44 /* MainViewController.xib */ = {isa = PBXFileReference; lastKnownFileType = file.xib; name = MainViewController.xib; path = Classes/MainViewController.xib; sourceTree = "<group>"; };
		4352FDAD151D1A4400F75C44 /* README */ = {isa = PBXFileReference; lastKnownFileType = text; name = README; path = Plugins/README; sourceTree = "<group>"; };
		4352FDAE151D1A4400F75C44 /* verify.sh */ = {isa = PBXFileReference; lastKnownFileType = text.script.sh; path = verify.sh; sourceTree = "<group>"; };
		4352FDB5151D1A5800F75C44 /* www */ = {isa = PBXFileReference; lastKnownFileType = folder; path = www; sourceTree = "<group>"; };
		436E2E1515223A0A00A73595 /* Security.framework */ = {isa = PBXFileReference; lastKnownFileType = wrapper.framework; name = Security.framework; path = System/Library/Frameworks/Security.framework; sourceTree = SDKROOT; };
		4375EAA3151F78BC00E416BF /* ChildBrowser.bundle */ = {isa = PBXFileReference; lastKnownFileType = "wrapper.plug-in"; path = ChildBrowser.bundle; sourceTree = "<group>"; };
		4375EAA6151F78BC00E416BF /* ChildBrowserCommand.h */ = {isa = PBXFileReference; fileEncoding = 4; lastKnownFileType = sourcecode.c.h; path = ChildBrowserCommand.h; sourceTree = "<group>"; };
		4375EAA7151F78BC00E416BF /* ChildBrowserCommand.m */ = {isa = PBXFileReference; fileEncoding = 4; lastKnownFileType = sourcecode.c.objc; path = ChildBrowserCommand.m; sourceTree = "<group>"; };
		4375EAA8151F78BC00E416BF /* ChildBrowserViewController.h */ = {isa = PBXFileReference; fileEncoding = 4; lastKnownFileType = sourcecode.c.h; path = ChildBrowserViewController.h; sourceTree = "<group>"; };
		4375EAA9151F78BC00E416BF /* ChildBrowserViewController.m */ = {isa = PBXFileReference; fileEncoding = 4; lastKnownFileType = sourcecode.c.objc; path = ChildBrowserViewController.m; sourceTree = "<group>"; };
		4375EAAA151F78BC00E416BF /* ChildBrowserViewController.xib */ = {isa = PBXFileReference; fileEncoding = 4; lastKnownFileType = file.xib; path = ChildBrowserViewController.xib; sourceTree = "<group>"; };
		4375EAAC151F78BC00E416BF /* facebook.html */ = {isa = PBXFileReference; fileEncoding = 4; lastKnownFileType = text.html; path = facebook.html; sourceTree = "<group>"; };
		4375EAAD151F78BC00E416BF /* FBConnect.js */ = {isa = PBXFileReference; fileEncoding = 4; lastKnownFileType = sourcecode.javascript; path = FBConnect.js; sourceTree = "<group>"; };
		4375EAAE151F78BC00E416BF /* index.html */ = {isa = PBXFileReference; fileEncoding = 4; lastKnownFileType = text.html; path = index.html; sourceTree = "<group>"; };
		4375EAAF151F78BC00E416BF /* README.txt */ = {isa = PBXFileReference; fileEncoding = 4; lastKnownFileType = text; path = README.txt; sourceTree = "<group>"; };
		4375EAB0151F78BC00E416BF /* README.md */ = {isa = PBXFileReference; fileEncoding = 4; lastKnownFileType = text; path = README.md; sourceTree = "<group>"; };
		43B0FC981536789300159DDB /* GoogleAnalyticsPlugin.h */ = {isa = PBXFileReference; fileEncoding = 4; lastKnownFileType = sourcecode.c.h; path = GoogleAnalyticsPlugin.h; sourceTree = "<group>"; };
		43B0FC991536789300159DDB /* GoogleAnalyticsPlugin.js */ = {isa = PBXFileReference; fileEncoding = 4; lastKnownFileType = sourcecode.javascript; path = GoogleAnalyticsPlugin.js; sourceTree = "<group>"; };
		43B0FC9A1536789300159DDB /* GoogleAnalyticsPlugin.m */ = {isa = PBXFileReference; fileEncoding = 4; lastKnownFileType = sourcecode.c.objc; path = GoogleAnalyticsPlugin.m; sourceTree = "<group>"; };
		43B0FC9C1536789300159DDB /* GANTracker.h */ = {isa = PBXFileReference; fileEncoding = 4; lastKnownFileType = sourcecode.c.h; path = GANTracker.h; sourceTree = "<group>"; };
		43B0FC9D1536789300159DDB /* libGoogleAnalytics.a */ = {isa = PBXFileReference; lastKnownFileType = archive.ar; path = libGoogleAnalytics.a; sourceTree = "<group>"; };
		43B0FC9E1536789300159DDB /* README.md */ = {isa = PBXFileReference; fileEncoding = 4; lastKnownFileType = text; path = README.md; sourceTree = "<group>"; };
		43B0FCA3153678B500159DDB /* CFNetwork.framework */ = {isa = PBXFileReference; lastKnownFileType = wrapper.framework; name = CFNetwork.framework; path = System/Library/Frameworks/CFNetwork.framework; sourceTree = SDKROOT; };
		43B0FCA5153678C700159DDB /* libsqlite3.0.dylib */ = {isa = PBXFileReference; lastKnownFileType = "compiled.mach-o.dylib"; name = libsqlite3.0.dylib; path = usr/lib/libsqlite3.0.dylib; sourceTree = SDKROOT; };
		43C4739E15373222005DDFDC /* AppDelegate.h */ = {isa = PBXFileReference; fileEncoding = 4; lastKnownFileType = sourcecode.c.h; path = AppDelegate.h; sourceTree = "<group>"; };
		43C4739F15373222005DDFDC /* AppDelegate.m */ = {isa = PBXFileReference; fileEncoding = 4; lastKnownFileType = sourcecode.c.objc; path = AppDelegate.m; sourceTree = "<group>"; };
		43C473A015373222005DDFDC /* MainViewController.h */ = {isa = PBXFileReference; fileEncoding = 4; lastKnownFileType = sourcecode.c.h; path = MainViewController.h; sourceTree = "<group>"; };
		43C473A115373222005DDFDC /* MainViewController.m */ = {isa = PBXFileReference; fileEncoding = 4; lastKnownFileType = sourcecode.c.objc; path = MainViewController.m; sourceTree = "<group>"; };
		43C473A5153732D0005DDFDC /* Cordova.plist */ = {isa = PBXFileReference; fileEncoding = 4; lastKnownFileType = text.plist.xml; path = Cordova.plist; sourceTree = "<group>"; };
		43C473A7153732E5005DDFDC /* Cordova copy.plist */ = {isa = PBXFileReference; fileEncoding = 4; lastKnownFileType = text.plist.xml; path = "Cordova copy.plist"; sourceTree = "<group>"; };
		43DE147F1520F4E50050CFF0 /* EmailComposer.h */ = {isa = PBXFileReference; fileEncoding = 4; lastKnownFileType = sourcecode.c.h; path = EmailComposer.h; sourceTree = "<group>"; };
		43DE14811520F4E50050CFF0 /* EmailComposer.m */ = {isa = PBXFileReference; fileEncoding = 4; lastKnownFileType = sourcecode.c.objc; path = EmailComposer.m; sourceTree = "<group>"; };
		43DE14821520F4E50050CFF0 /* readme.md */ = {isa = PBXFileReference; fileEncoding = 4; lastKnownFileType = text; path = readme.md; sourceTree = "<group>"; };
		43DE14871520F5950050CFF0 /* MessageUI.framework */ = {isa = PBXFileReference; lastKnownFileType = wrapper.framework; name = MessageUI.framework; path = System/Library/Frameworks/MessageUI.framework; sourceTree = SDKROOT; };
/* End PBXFileReference section */

/* Begin PBXFrameworksBuildPhase section */
		4352FD53151D1A4400F75C44 /* Frameworks */ = {
			isa = PBXFrameworksBuildPhase;
			buildActionMask = 2147483647;
			files = (
				43B0FCA7153680BF00159DDB /* libsqlite3.0.dylib in Frameworks */,
				43B0FCA4153678B500159DDB /* CFNetwork.framework in Frameworks */,
				43DE14881520F5950050CFF0 /* MessageUI.framework in Frameworks */,
				436E2E1615223A0A00A73595 /* Security.framework in Frameworks */,
				4352FD72151D1A4400F75C44 /* SystemConfiguration.framework in Frameworks */,
				4352FD5E151D1A4400F75C44 /* Foundation.framework in Frameworks */,
				4352FD60151D1A4400F75C44 /* UIKit.framework in Frameworks */,
				4352FD62151D1A4400F75C44 /* CoreGraphics.framework in Frameworks */,
				4352FD64151D1A4400F75C44 /* AddressBook.framework in Frameworks */,
				4352FD66151D1A4400F75C44 /* AddressBookUI.framework in Frameworks */,
				4352FD68151D1A4400F75C44 /* AudioToolbox.framework in Frameworks */,
				4352FD6A151D1A4400F75C44 /* AVFoundation.framework in Frameworks */,
				4352FD6C151D1A4400F75C44 /* CoreLocation.framework in Frameworks */,
				4352FD6E151D1A4400F75C44 /* MediaPlayer.framework in Frameworks */,
				4352FD70151D1A4400F75C44 /* QuartzCore.framework in Frameworks */,
				4352FD74151D1A4400F75C44 /* MobileCoreServices.framework in Frameworks */,
				4352FD76151D1A4400F75C44 /* CoreMedia.framework in Frameworks */,
				4352FD81151D1A4400F75C44 /* Cordova.framework in Frameworks */,
				43B0FCA11536789300159DDB /* libGoogleAnalytics.a in Frameworks */,
			);
			runOnlyForDeploymentPostprocessing = 0;
		};
		4352FD56151D1A4400F75C44 /* Frameworks */ = {
			isa = PBXFrameworksBuildPhase;
			buildActionMask = 2147483647;
			files = (
			);
			runOnlyForDeploymentPostprocessing = 0;
		};
/* End PBXFrameworksBuildPhase section */

/* Begin PBXGroup section */
		4311194515370FB500870F05 /* Facebook */ = {
			isa = PBXGroup;
			children = (
				431119491537107100870F05 /* src */,
				4311194615370FC000870F05 /* FacebookConnectPlugin.h */,
				4311194715370FC000870F05 /* FacebookConnectPlugin.m */,
			);
			name = Facebook;
			sourceTree = "<group>";
		};
		431119491537107100870F05 /* src */ = {
			isa = PBXGroup;
			children = (
				4311194A1537107100870F05 /* Facebook.h */,
				4311194B1537107100870F05 /* Facebook.m */,
				4311194C1537107100870F05 /* FBConnect.h */,
				4311194D1537107100870F05 /* FBDialog.bundle */,
				4311194E1537107100870F05 /* FBDialog.h */,
				4311194F1537107100870F05 /* FBDialog.m */,
				431119501537107100870F05 /* FBFrictionlessRequestSettings.h */,
				431119511537107100870F05 /* FBFrictionlessRequestSettings.m */,
				431119521537107100870F05 /* FBLoginDialog.h */,
				431119531537107100870F05 /* FBLoginDialog.m */,
				431119541537107100870F05 /* FBRequest.h */,
				431119551537107100870F05 /* FBRequest.m */,
				431119561537107100870F05 /* JSON */,
			);
			path = src;
			sourceTree = "<group>";
		};
		431119561537107100870F05 /* JSON */ = {
			isa = PBXGroup;
			children = (
				431119571537107100870F05 /* JSON.h */,
				431119581537107100870F05 /* NSObject+SBJSON.h */,
				431119591537107100870F05 /* NSObject+SBJSON.m */,
				4311195A1537107100870F05 /* NSString+SBJSON.h */,
				4311195B1537107100870F05 /* NSString+SBJSON.m */,
				4311195C1537107100870F05 /* SBJSON.h */,
				4311195D1537107100870F05 /* SBJSON.m */,
				4311195E1537107100870F05 /* SBJsonBase.h */,
				4311195F1537107100870F05 /* SBJsonBase.m */,
				431119601537107100870F05 /* SBJsonParser.h */,
				431119611537107100870F05 /* SBJsonParser.m */,
				431119621537107100870F05 /* SBJsonWriter.h */,
				431119631537107100870F05 /* SBJsonWriter.m */,
			);
			path = JSON;
			sourceTree = "<group>";
		};
		434C18FF153A199B00B7351B /* icons */ = {
			isa = PBXGroup;
			children = (
			);
			name = icons;
			path = Resources/icons;
			sourceTree = "<group>";
		};
		434C1906153A19AD00B7351B /* splash */ = {
			isa = PBXGroup;
			children = (
			);
			name = splash;
			path = Resources/splash;
			sourceTree = "<group>";
		};
		4352FD4B151D1A4400F75C44 = {
			isa = PBXGroup;
			children = (
				43017FD5153A284E00AEFB15 /* Icon-72.png */,
				43017FD6153A284E00AEFB15 /* Icon-72@2x.png */,
				43017FD7153A284E00AEFB15 /* Icon.png */,
				43017FD8153A284E00AEFB15 /* Icon@2x.png */,
				43017FC9153A243E00AEFB15 /* iTunesArtwork.png */,
				43017FC3153A20D800AEFB15 /* Default-Landscape@2x~ipad.png */,
				43017FC1153A20C000AEFB15 /* Default-Landscape~ipad.png */,
				4352FDB5151D1A5800F75C44 /* www */,
				4352FD77151D1A4400F75C44 /* etsyBrowser */,
				4352FD5C151D1A4400F75C44 /* Frameworks */,
				4352FD5A151D1A4400F75C44 /* Products */,
			);
			sourceTree = "<group>";
		};
		4352FD5A151D1A4400F75C44 /* Products */ = {
			isa = PBXGroup;
			children = (
				4352FD59151D1A4400F75C44 /* etsyBrowser.app */,
			);
			name = Products;
			sourceTree = "<group>";
		};
		4352FD5C151D1A4400F75C44 /* Frameworks */ = {
			isa = PBXGroup;
			children = (
				43B0FCA5153678C700159DDB /* libsqlite3.0.dylib */,
				43B0FCA3153678B500159DDB /* CFNetwork.framework */,
				436E2E1515223A0A00A73595 /* Security.framework */,
				43DE14871520F5950050CFF0 /* MessageUI.framework */,
				4352FD5D151D1A4400F75C44 /* Foundation.framework */,
				4352FD5F151D1A4400F75C44 /* UIKit.framework */,
				4352FD61151D1A4400F75C44 /* CoreGraphics.framework */,
				4352FD63151D1A4400F75C44 /* AddressBook.framework */,
				4352FD65151D1A4400F75C44 /* AddressBookUI.framework */,
				4352FD67151D1A4400F75C44 /* AudioToolbox.framework */,
				4352FD69151D1A4400F75C44 /* AVFoundation.framework */,
				4352FD6B151D1A4400F75C44 /* CoreLocation.framework */,
				4352FD6D151D1A4400F75C44 /* MediaPlayer.framework */,
				4352FD6F151D1A4400F75C44 /* QuartzCore.framework */,
				4352FD71151D1A4400F75C44 /* SystemConfiguration.framework */,
				4352FD73151D1A4400F75C44 /* MobileCoreServices.framework */,
				4352FD75151D1A4400F75C44 /* CoreMedia.framework */,
			);
			name = Frameworks;
			sourceTree = "<group>";
		};
		4352FD77151D1A4400F75C44 /* etsyBrowser */ = {
			isa = PBXGroup;
			children = (
				4352FD80151D1A4400F75C44 /* Cordova.framework */,
				4352FD82151D1A4400F75C44 /* Resources */,
				4352FDA3151D1A4400F75C44 /* Classes */,
				4352FDAC151D1A4400F75C44 /* Plugins */,
				4352FD78151D1A4400F75C44 /* Supporting Files */,
			);
			path = etsyBrowser;
			sourceTree = "<group>";
		};
		4352FD78151D1A4400F75C44 /* Supporting Files */ = {
			isa = PBXGroup;
			children = (
				4352FD79151D1A4400F75C44 /* etsyBrowser-Info.plist */,
				4352FD7A151D1A4400F75C44 /* InfoPlist.strings */,
				4352FD7D151D1A4400F75C44 /* main.m */,
				43C473A5153732D0005DDFDC /* Cordova.plist */,
				43C473A7153732E5005DDFDC /* Cordova copy.plist */,
				4352FD7F151D1A4400F75C44 /* etsyBrowser-Prefix.pch */,
				4352FDAA151D1A4400F75C44 /* MainViewController.xib */,
				4352FDAE151D1A4400F75C44 /* verify.sh */,
			);
			name = "Supporting Files";
			sourceTree = "<group>";
		};
		4352FD82151D1A4400F75C44 /* Resources */ = {
			isa = PBXGroup;
			children = (
				434C1906153A19AD00B7351B /* splash */,
				434C18FF153A199B00B7351B /* icons */,
				4352FD9F151D1A4400F75C44 /* Capture.bundle */,
				4352FD83151D1A4400F75C44 /* en.lproj */,
				4352FD87151D1A4400F75C44 /* es.lproj */,
				4352FD8B151D1A4400F75C44 /* de.lproj */,
				4352FD8F151D1A4400F75C44 /* se.lproj */,
			);
			name = Resources;
			sourceTree = "<group>";
		};
		4352FD83151D1A4400F75C44 /* en.lproj */ = {
			isa = PBXGroup;
			children = (
				4352FD84151D1A4400F75C44 /* Localizable.strings */,
			);
			name = en.lproj;
			sourceTree = "<group>";
		};
		4352FD87151D1A4400F75C44 /* es.lproj */ = {
			isa = PBXGroup;
			children = (
				4352FD88151D1A4400F75C44 /* Localizable.strings */,
			);
			name = es.lproj;
			sourceTree = "<group>";
		};
		4352FD8B151D1A4400F75C44 /* de.lproj */ = {
			isa = PBXGroup;
			children = (
				4352FD8C151D1A4400F75C44 /* Localizable.strings */,
			);
			name = de.lproj;
			sourceTree = "<group>";
		};
		4352FD8F151D1A4400F75C44 /* se.lproj */ = {
			isa = PBXGroup;
			children = (
				4352FD90151D1A4400F75C44 /* Localizable.strings */,
			);
			name = se.lproj;
			sourceTree = "<group>";
		};
		4352FDA3151D1A4400F75C44 /* Classes */ = {
			isa = PBXGroup;
			children = (
				43C4739E15373222005DDFDC /* AppDelegate.h */,
				43C4739F15373222005DDFDC /* AppDelegate.m */,
				43C473A015373222005DDFDC /* MainViewController.h */,
				43C473A115373222005DDFDC /* MainViewController.m */,
			);
			name = Classes;
			sourceTree = "<group>";
		};
		4352FDAC151D1A4400F75C44 /* Plugins */ = {
			isa = PBXGroup;
			children = (
				4311194515370FB500870F05 /* Facebook */,
				43B0FC971536789300159DDB /* GoogleAnalytics */,
				43DE147E1520F4E50050CFF0 /* EmailComposer */,
				4375EAA2151F78BC00E416BF /* ChildBrowser */,
				4352FDAD151D1A4400F75C44 /* README */,
			);
			name = Plugins;
			sourceTree = "<group>";
		};
		4375EAA2151F78BC00E416BF /* ChildBrowser */ = {
			isa = PBXGroup;
			children = (
				4375EAA3151F78BC00E416BF /* ChildBrowser.bundle */,
				4375EAA6151F78BC00E416BF /* ChildBrowserCommand.h */,
				4375EAA7151F78BC00E416BF /* ChildBrowserCommand.m */,
				4375EAA8151F78BC00E416BF /* ChildBrowserViewController.h */,
				4375EAA9151F78BC00E416BF /* ChildBrowserViewController.m */,
				4375EAAA151F78BC00E416BF /* ChildBrowserViewController.xib */,
				4375EAAB151F78BC00E416BF /* FBConnectExample */,
				4375EAB0151F78BC00E416BF /* README.md */,
			);
			path = ChildBrowser;
			sourceTree = "<group>";
		};
		4375EAAB151F78BC00E416BF /* FBConnectExample */ = {
			isa = PBXGroup;
			children = (
				4375EAAC151F78BC00E416BF /* facebook.html */,
				4375EAAD151F78BC00E416BF /* FBConnect.js */,
				4375EAAE151F78BC00E416BF /* index.html */,
				4375EAAF151F78BC00E416BF /* README.txt */,
			);
			path = FBConnectExample;
			sourceTree = "<group>";
		};
		43B0FC971536789300159DDB /* GoogleAnalytics */ = {
			isa = PBXGroup;
			children = (
				43B0FC981536789300159DDB /* GoogleAnalyticsPlugin.h */,
				43B0FC991536789300159DDB /* GoogleAnalyticsPlugin.js */,
				43B0FC9A1536789300159DDB /* GoogleAnalyticsPlugin.m */,
				43B0FC9B1536789300159DDB /* GoogSDK */,
				43B0FC9E1536789300159DDB /* README.md */,
			);
			path = GoogleAnalytics;
			sourceTree = "<group>";
		};
		43B0FC9B1536789300159DDB /* GoogSDK */ = {
			isa = PBXGroup;
			children = (
				43B0FC9C1536789300159DDB /* GANTracker.h */,
				43B0FC9D1536789300159DDB /* libGoogleAnalytics.a */,
			);
			path = GoogSDK;
			sourceTree = "<group>";
		};
		43DE147E1520F4E50050CFF0 /* EmailComposer */ = {
			isa = PBXGroup;
			children = (
				43DE147F1520F4E50050CFF0 /* EmailComposer.h */,
				43DE14811520F4E50050CFF0 /* EmailComposer.m */,
				43DE14821520F4E50050CFF0 /* readme.md */,
			);
			path = EmailComposer;
			sourceTree = "<group>";
		};
/* End PBXGroup section */

/* Begin PBXNativeTarget section */
		4352FD58151D1A4400F75C44 /* etsyBrowser */ = {
			isa = PBXNativeTarget;
			buildConfigurationList = 4352FDB2151D1A4400F75C44 /* Build configuration list for PBXNativeTarget "etsyBrowser" */;
			buildPhases = (
				4352FD52151D1A4400F75C44 /* Sources */,
				4352FD53151D1A4400F75C44 /* Frameworks */,
				4352FD54151D1A4400F75C44 /* Resources */,
				4352FD55151D1A4400F75C44 /* Sources */,
				4352FD56151D1A4400F75C44 /* Frameworks */,
				4352FD57151D1A4400F75C44 /* ShellScript */,
			);
			buildRules = (
			);
			dependencies = (
			);
			name = etsyBrowser;
			productName = etsyBrowser;
			productReference = 4352FD59151D1A4400F75C44 /* etsyBrowser.app */;
			productType = "com.apple.product-type.application";
		};
/* End PBXNativeTarget section */

/* Begin PBXProject section */
		4352FD4D151D1A4400F75C44 /* Project object */ = {
			isa = PBXProject;
			attributes = {
				LastUpgradeCheck = 0430;
				ORGANIZATIONNAME = "Gesture Theory Inc.";
			};
			buildConfigurationList = 4352FD50151D1A4400F75C44 /* Build configuration list for PBXProject "etsyBrowser" */;
			compatibilityVersion = "Xcode 3.2";
			developmentRegion = English;
			hasScannedForEncodings = 0;
			knownRegions = (
				en,
				es,
				de,
				se,
			);
			mainGroup = 4352FD4B151D1A4400F75C44;
			productRefGroup = 4352FD5A151D1A4400F75C44 /* Products */;
			projectDirPath = "";
			projectRoot = "";
			targets = (
				4352FD58151D1A4400F75C44 /* etsyBrowser */,
			);
		};
/* End PBXProject section */

/* Begin PBXResourcesBuildPhase section */
		4352FD54151D1A4400F75C44 /* Resources */ = {
			isa = PBXResourcesBuildPhase;
			buildActionMask = 2147483647;
			files = (
				4352FD7C151D1A4400F75C44 /* InfoPlist.strings in Resources */,
				4352FD86151D1A4400F75C44 /* Localizable.strings in Resources */,
				4352FD8A151D1A4400F75C44 /* Localizable.strings in Resources */,
				4352FD8E151D1A4400F75C44 /* Localizable.strings in Resources */,
				4352FD92151D1A4400F75C44 /* Localizable.strings in Resources */,
				4352FDA0151D1A4400F75C44 /* Capture.bundle in Resources */,
				4352FDAB151D1A4400F75C44 /* MainViewController.xib in Resources */,
				4352FDAF151D1A4400F75C44 /* verify.sh in Resources */,
				4352FDB6151D1A5800F75C44 /* www in Resources */,
				4375EAB1151F78BC00E416BF /* ChildBrowser.bundle in Resources */,
				4375EAB6151F78BC00E416BF /* ChildBrowserViewController.xib in Resources */,
				4375EAB7151F78BC00E416BF /* facebook.html in Resources */,
				4375EAB9151F78BC00E416BF /* index.html in Resources */,
				4375EABA151F78BC00E416BF /* README.txt in Resources */,
				4375EABB151F78BC00E416BF /* README.md in Resources */,
				43DE14851520F4E50050CFF0 /* readme.md in Resources */,
				43B0FCA21536789300159DDB /* README.md in Resources */,
				431119651537107100870F05 /* FBDialog.bundle in Resources */,
				43C473A6153732D0005DDFDC /* Cordova.plist in Resources */,
				43C473A8153732E5005DDFDC /* Cordova copy.plist in Resources */,
				43017FC2153A20C000AEFB15 /* Default-Landscape~ipad.png in Resources */,
				43017FC4153A20D800AEFB15 /* Default-Landscape@2x~ipad.png in Resources */,
				43017FCA153A243E00AEFB15 /* iTunesArtwork.png in Resources */,
				43017FD9153A284E00AEFB15 /* Icon-72.png in Resources */,
				43017FDA153A284E00AEFB15 /* Icon-72@2x.png in Resources */,
				43017FDB153A284E00AEFB15 /* Icon.png in Resources */,
				43017FDC153A284E00AEFB15 /* Icon@2x.png in Resources */,
			);
			runOnlyForDeploymentPostprocessing = 0;
		};
/* End PBXResourcesBuildPhase section */

/* Begin PBXShellScriptBuildPhase section */
		4352FD57151D1A4400F75C44 /* ShellScript */ = {
			isa = PBXShellScriptBuildPhase;
			buildActionMask = 2147483647;
			files = (
			);
			inputPaths = (
			);
			outputPaths = (
			);
			runOnlyForDeploymentPostprocessing = 0;
			shellPath = /bin/bash;
			shellScript = "\n\t\t\t\t\t\t\t\tchmod 755 $PROJECT_DIR/$PROJECT_NAME/verify.sh\n\t\t\t\t\t\t\t\t$PROJECT_DIR/$PROJECT_NAME/verify.sh\n\t\t\t\t\t";
		};
/* End PBXShellScriptBuildPhase section */

/* Begin PBXSourcesBuildPhase section */
		4352FD52151D1A4400F75C44 /* Sources */ = {
			isa = PBXSourcesBuildPhase;
			buildActionMask = 2147483647;
			files = (
				4352FD7E151D1A4400F75C44 /* main.m in Sources */,
				4375EAB4151F78BC00E416BF /* ChildBrowserCommand.m in Sources */,
				4375EAB5151F78BC00E416BF /* ChildBrowserViewController.m in Sources */,
				4375EAB8151F78BC00E416BF /* FBConnect.js in Sources */,
				43DE14841520F4E50050CFF0 /* EmailComposer.m in Sources */,
				43B0FC9F1536789300159DDB /* GoogleAnalyticsPlugin.js in Sources */,
				43B0FCA01536789300159DDB /* GoogleAnalyticsPlugin.m in Sources */,
				4311194815370FC000870F05 /* FacebookConnectPlugin.m in Sources */,
				431119641537107100870F05 /* Facebook.m in Sources */,
				431119661537107100870F05 /* FBDialog.m in Sources */,
				431119671537107100870F05 /* FBFrictionlessRequestSettings.m in Sources */,
				431119681537107100870F05 /* FBLoginDialog.m in Sources */,
				431119691537107100870F05 /* FBRequest.m in Sources */,
				4311196A1537107100870F05 /* NSObject+SBJSON.m in Sources */,
				4311196B1537107100870F05 /* NSString+SBJSON.m in Sources */,
				4311196C1537107100870F05 /* SBJSON.m in Sources */,
				4311196D1537107100870F05 /* SBJsonBase.m in Sources */,
				4311196E1537107100870F05 /* SBJsonParser.m in Sources */,
				4311196F1537107100870F05 /* SBJsonWriter.m in Sources */,
				43C473A215373222005DDFDC /* AppDelegate.m in Sources */,
				43C473A315373222005DDFDC /* MainViewController.m in Sources */,
			);
			runOnlyForDeploymentPostprocessing = 0;
		};
		4352FD55151D1A4400F75C44 /* Sources */ = {
			isa = PBXSourcesBuildPhase;
			buildActionMask = 2147483647;
			files = (
			);
			runOnlyForDeploymentPostprocessing = 0;
		};
/* End PBXSourcesBuildPhase section */

/* Begin PBXVariantGroup section */
		4352FD7A151D1A4400F75C44 /* InfoPlist.strings */ = {
			isa = PBXVariantGroup;
			children = (
				4352FD7B151D1A4400F75C44 /* en */,
			);
			name = InfoPlist.strings;
			sourceTree = "<group>";
		};
		4352FD84151D1A4400F75C44 /* Localizable.strings */ = {
			isa = PBXVariantGroup;
			children = (
				4352FD85151D1A4400F75C44 /* en */,
			);
			name = Localizable.strings;
			sourceTree = "<group>";
		};
		4352FD88151D1A4400F75C44 /* Localizable.strings */ = {
			isa = PBXVariantGroup;
			children = (
				4352FD89151D1A4400F75C44 /* es */,
			);
			name = Localizable.strings;
			sourceTree = "<group>";
		};
		4352FD8C151D1A4400F75C44 /* Localizable.strings */ = {
			isa = PBXVariantGroup;
			children = (
				4352FD8D151D1A4400F75C44 /* de */,
			);
			name = Localizable.strings;
			sourceTree = "<group>";
		};
		4352FD90151D1A4400F75C44 /* Localizable.strings */ = {
			isa = PBXVariantGroup;
			children = (
				4352FD91151D1A4400F75C44 /* se */,
			);
			name = Localizable.strings;
			sourceTree = "<group>";
		};
/* End PBXVariantGroup section */

/* Begin XCBuildConfiguration section */
		4352FDB0151D1A4400F75C44 /* Debug */ = {
			isa = XCBuildConfiguration;
			buildSettings = {
				ALWAYS_SEARCH_USER_PATHS = NO;
				ARCHS = "$(ARCHS_STANDARD_32_BIT)";
				"CODE_SIGN_IDENTITY[sdk=iphoneos*]" = "iPhone Developer";
				COPY_PHASE_STRIP = NO;
				GCC_C_LANGUAGE_STANDARD = gnu99;
				GCC_DYNAMIC_NO_PIC = NO;
				GCC_OPTIMIZATION_LEVEL = 0;
				GCC_PREPROCESSOR_DEFINITIONS = (
					"DEBUG=1",
					"$(inherited)",
				);
				GCC_SYMBOLS_PRIVATE_EXTERN = NO;
				GCC_THUMB_SUPPORT = NO;
				GCC_VERSION = com.apple.compilers.llvm.clang.1_0;
				GCC_WARN_ABOUT_RETURN_TYPE = YES;
				GCC_WARN_UNINITIALIZED_AUTOS = YES;
				GCC_WARN_UNUSED_VARIABLE = YES;
				IPHONEOS_DEPLOYMENT_TARGET = 3.0;
				SDKROOT = iphoneos;
			};
			name = Debug;
		};
		4352FDB1151D1A4400F75C44 /* Release */ = {
			isa = XCBuildConfiguration;
			buildSettings = {
				ALWAYS_SEARCH_USER_PATHS = NO;
				ARCHS = "$(ARCHS_STANDARD_32_BIT)";
				"CODE_SIGN_IDENTITY[sdk=iphoneos*]" = "iPhone Distribution: Gesture Theory Inc.";
				COPY_PHASE_STRIP = YES;
				GCC_C_LANGUAGE_STANDARD = gnu99;
				GCC_THUMB_SUPPORT = NO;
				GCC_VERSION = com.apple.compilers.llvm.clang.1_0;
				GCC_WARN_ABOUT_RETURN_TYPE = YES;
				GCC_WARN_UNINITIALIZED_AUTOS = YES;
				GCC_WARN_UNUSED_VARIABLE = YES;
				IPHONEOS_DEPLOYMENT_TARGET = 3.0;
				"PROVISIONING_PROFILE[sdk=iphoneos*]" = "5639E411-DC33-4CE5-89C8-A3DDF1D1758C";
				SDKROOT = iphoneos;
				VALIDATE_PRODUCT = YES;
			};
			name = Release;
		};
		4352FDB3151D1A4400F75C44 /* Debug */ = {
			isa = XCBuildConfiguration;
			buildSettings = {
				ALWAYS_SEARCH_USER_PATHS = YES;
				COPY_PHASE_STRIP = NO;
				FRAMEWORK_SEARCH_PATHS = /Users/Shared/Cordova/Frameworks;
				GCC_DYNAMIC_NO_PIC = NO;
				GCC_PRECOMPILE_PREFIX_HEADER = YES;
				GCC_PREFIX_HEADER = "etsyBrowser/etsyBrowser-Prefix.pch";
				GCC_PREPROCESSOR_DEFINITIONS = (
					"DEBUG=1,",
					"CORDOVA_FRAMEWORK=1",
				);
				GCC_THUMB_SUPPORT = NO;
				HEADER_SEARCH_PATHS = /Users/Shared/Cordova/Frameworks/Cordova.framework/Headers;
				INFOPLIST_FILE = "etsyBrowser/etsyBrowser-Info.plist";
				IPHONEOS_DEPLOYMENT_TARGET = 4.3;
				LIBRARY_SEARCH_PATHS = (
					"$(inherited)",
					"\"$(SRCROOT)/etsyBrowser/GoogleAnalytics/GoogSDK\"",
				);
				OTHER_LDFLAGS = (
					"-weak_framework",
					UIKit,
					"-weak_framework",
					AVFoundation,
					"-weak_framework",
					CoreMedia,
					"-weak-lSystem",
					/usr/lib/libSystem.B.dylib,
				);
				PRODUCT_NAME = "$(TARGET_NAME)";
				TARGETED_DEVICE_FAMILY = 2;
				WRAPPER_EXTENSION = app;
			};
			name = Debug;
		};
		4352FDB4151D1A4400F75C44 /* Release */ = {
			isa = XCBuildConfiguration;
			buildSettings = {
				ALWAYS_SEARCH_USER_PATHS = YES;
				COPY_PHASE_STRIP = YES;
				DEBUG_INFORMATION_FORMAT = "dwarf-with-dsym";
				FRAMEWORK_SEARCH_PATHS = /Users/Shared/Cordova/Frameworks;
				GCC_PRECOMPILE_PREFIX_HEADER = YES;
				GCC_PREFIX_HEADER = "etsyBrowser/etsyBrowser-Prefix.pch";
				GCC_PREPROCESSOR_DEFINITIONS = (
					"NDEBUG=1,",
					"CORDOVA_FRAMEWORK=1",
				);
				GCC_THUMB_SUPPORT = NO;
				HEADER_SEARCH_PATHS = /Users/Shared/Cordova/Frameworks/Cordova.framework/Headers;
				INFOPLIST_FILE = "etsyBrowser/etsyBrowser-Info.plist";
				IPHONEOS_DEPLOYMENT_TARGET = 4.3;
				LIBRARY_SEARCH_PATHS = (
					"$(inherited)",
					"\"$(SRCROOT)/etsyBrowser/GoogleAnalytics/GoogSDK\"",
				);
				OTHER_LDFLAGS = (
					"-weak_framework",
					UIKit,
					"-weak_framework",
					AVFoundation,
					"-weak_framework",
					CoreMedia,
					"-weak-lSystem",
					/usr/lib/libSystem.B.dylib,
				);
				PRODUCT_NAME = "$(TARGET_NAME)";
				TARGETED_DEVICE_FAMILY = 2;
				VALIDATE_PRODUCT = YES;
				WRAPPER_EXTENSION = app;
			};
			name = Release;
		};
/* End XCBuildConfiguration section */

/* Begin XCConfigurationList section */
		4352FD50151D1A4400F75C44 /* Build configuration list for PBXProject "etsyBrowser" */ = {
			isa = XCConfigurationList;
			buildConfigurations = (
				4352FDB0151D1A4400F75C44 /* Debug */,
				4352FDB1151D1A4400F75C44 /* Release */,
			);
			defaultConfigurationIsVisible = 0;
			defaultConfigurationName = Release;
		};
		4352FDB2151D1A4400F75C44 /* Build configuration list for PBXNativeTarget "etsyBrowser" */ = {
			isa = XCConfigurationList;
			buildConfigurations = (
				4352FDB3151D1A4400F75C44 /* Debug */,
				4352FDB4151D1A4400F75C44 /* Release */,
			);
			defaultConfigurationIsVisible = 0;
			defaultConfigurationName = Release;
		};
/* End XCConfigurationList section */
	};
	rootObject = 4352FD4D151D1A4400F75C44 /* Project object */;
}
